
Microsoft Visual Studio Solution File, Format Version 12.00
# Visual Studio Version 17
VisualStudioVersion = 17.10.34928.147
MinimumVisualStudioVersion = 10.0.40219.1
Project("{FAE04EC0-301F-11D3-BF4B-00C04F79EFBC}") = "AMIDEAST COURSE", "AMIDEAST COURSE\AMIDEAST COURSE.csproj", "{CF0DD03A-9771-445B-8036-D63D8A8C8227}"
EndProject
Global
	GlobalSection(SolutionConfigurationPlatforms) = preSolution
		Debug|Any CPU = Debug|Any CPU
		Release|Any CPU = Release|Any CPU
	EndGlobalSection
	GlobalSection(ProjectConfigurationPlatforms) = postSolution
		{CF0DD03A-9771-445B-8036-D63D8A8C8227}.Debug|Any CPU.ActiveCfg = Debug|Any CPU
		{CF0DD03A-9771-445B-8036-D63D8A8C8227}.Debug|Any CPU.Build.0 = Debug|Any CPU
		{CF0DD03A-9771-445B-8036-D63D8A8C8227}.Release|Any CPU.ActiveCfg = Release|Any CPU
		{CF0DD03A-9771-445B-8036-D63D8A8C8227}.Release|Any CPU.Build.0 = Release|Any CPU
	EndGlobalSection
	GlobalSection(SolutionProperties) = preSolution
		HideSolutionNode = FALSE
	EndGlobalSection
	GlobalSection(ExtensibilityGlobals) = postSolution
		SolutionGuid = {2042D122-9BAE-4FE3-A8E8-6584EA399106}
	EndGlobalSection
EndGlobal
